lockfileVersion: "6.0"

settings:
  autoInstallPeers: true
  excludeLinksFromLockfile: false

dependencies:
  "@sailkit/core":
    specifier: ^0.0.1
    version: 0.0.1
  "@sailkit/document":
    specifier: ^0.0.1
    version: 0.0.1
  "@sailkit/text-kit":
    specifier: ^0.0.1
    version: 0.0.1

packages:
  /@remirror/core-constants@2.0.2:
    resolution:
      {
        integrity: sha512-dyHY+sMF0ihPus3O27ODd4+agdHMEmuRdyiZJ2CCWjPV5UFmn17ZbElvk6WOGVE4rdCJKZQCrPV2BcikOMLUGQ==,
      }
    dev: false

  /@sailkit/core@0.0.1:
    resolution:
      {
        integrity: sha512-tXoHoJXzgS8/f0Adv4oPsgmmBQ1fRbvB+yrJGP12JvqR6ZDkI0tziAtPVhz2fClgmflFOHctfNm7ij3BLM47Mg==,
      }
    dependencies:
      "@tiptap/core": 2.2.4(@tiptap/pm@2.2.4)
      "@tiptap/pm": 2.2.4
    dev: false

  /@sailkit/document@0.0.1:
    resolution:
      {
        integrity: sha512-zbX3dxS3E+psQCDydyG7tBhgc5V2vDQ+HAhp/oWBALxylTNO+58Npjw6oRSaqglBNqHkmWB/MfNeyh78okXdEA==,
      }
    dependencies:
      "@sailkit/core": 0.0.1
    dev: false

  /@sailkit/text-kit@0.0.1:
    resolution:
      {
        integrity: sha512-5djDUdHASaNMA5YayBGKsdqubnLduKJfbgSxI9n/hlxxYZ0IMpLY+V1PjYb8Nx7qgnFjwOnoXJa/WVHc+f4NOg==,
      }
    dependencies:
      "@sailkit/core": 0.0.1
      "@tiptap/core": 2.2.4(@tiptap/pm@2.2.4)
      "@tiptap/extension-blockquote": 2.2.4(@tiptap/core@2.2.4)
      "@tiptap/extension-bold": 2.2.4(@tiptap/core@2.2.4)
      "@tiptap/extension-code": 2.2.4(@tiptap/core@2.2.4)
      "@tiptap/extension-hard-break": 2.2.4(@tiptap/core@2.2.4)
      "@tiptap/extension-italic": 2.2.4(@tiptap/core@2.2.4)
      "@tiptap/extension-paragraph": 2.2.4(@tiptap/core@2.2.4)
      "@tiptap/extension-strike": 2.2.4(@tiptap/core@2.2.4)
      "@tiptap/extension-text": 2.2.4(@tiptap/core@2.2.4)
      "@tiptap/pm": 2.2.4
    dev: false

  /@tiptap/core@2.2.4(@tiptap/pm@2.2.4):
    resolution:
      {
        integrity: sha512-cRrI8IlLIhCE1hacBQzXIC8dsRvGq6a4lYWQK/BaHuZg21CG7szp3Vd8Ix+ra1f5v0xPOT+Hy+QFNQooRMKMCw==,
      }
    peerDependencies:
      "@tiptap/pm": ^2.0.0
    dependencies:
      "@tiptap/pm": 2.2.4
    dev: false

  /@tiptap/extension-blockquote@2.2.4(@tiptap/core@2.2.4):
    resolution:
      {
        integrity: sha512-FrfPnn0VgVrUwWLwja1afX99JGLp6PE9ThVcmri+tLwUZQvTTVcCvHoCdOakav3/nge1+aV4iE3tQdyq1tWI9Q==,
      }
    peerDependencies:
      "@tiptap/core": ^2.0.0
    dependencies:
      "@tiptap/core": 2.2.4(@tiptap/pm@2.2.4)
    dev: false

  /@tiptap/extension-bold@2.2.4(@tiptap/core@2.2.4):
    resolution:
      {
        integrity: sha512-v3tTLc8YESFZPOGj5ByFr8VbmQ/PTo49T1vsK50VubxIN/5r9cXlKH8kb3dZlZxCxJa3FrXNO/M8rdGBSWQvSg==,
      }
    peerDependencies:
      "@tiptap/core": ^2.0.0
    dependencies:
      "@tiptap/core": 2.2.4(@tiptap/pm@2.2.4)
    dev: false

  /@tiptap/extension-code@2.2.4(@tiptap/core@2.2.4):
    resolution:
      {
        integrity: sha512-JB4SJ2mUU/9qXFUf+K5K9szvovnN9AIcCb0f0UlcVBuddKHSqCl3wO3QJgYt44BfQTLMNuyzr+zVqfFd6BNt/g==,
      }
    peerDependencies:
      "@tiptap/core": ^2.0.0
    dependencies:
      "@tiptap/core": 2.2.4(@tiptap/pm@2.2.4)
    dev: false

  /@tiptap/extension-hard-break@2.2.4(@tiptap/core@2.2.4):
    resolution:
      {
        integrity: sha512-FPvS57GcqHIeLbPKGJa3gnH30Xw+YB1PXXnAWG2MpnMtc2Vtj1l5xaYYBZB+ADdXLAlU0YMbKhFLQO4+pg1Isg==,
      }
    peerDependencies:
      "@tiptap/core": ^2.0.0
    dependencies:
      "@tiptap/core": 2.2.4(@tiptap/pm@2.2.4)
    dev: false

  /@tiptap/extension-italic@2.2.4(@tiptap/core@2.2.4):
    resolution:
      {
        integrity: sha512-qIhGNvWnsQswSgEMRA8jQQjxfkOGNAuNWKEVQX9DPoqAUgknT41hQcAMP8L2+OdACpb2jbVMOO5Cy5Dof2L8/w==,
      }
    peerDependencies:
      "@tiptap/core": ^2.0.0
    dependencies:
      "@tiptap/core": 2.2.4(@tiptap/pm@2.2.4)
    dev: false

  /@tiptap/extension-paragraph@2.2.4(@tiptap/core@2.2.4):
    resolution:
      {
        integrity: sha512-m1KwyvTNJxsq7StbspbcOhxO4Wk4YpElDbqOouWi+H4c8azdpI5Pn96ZqhFeE9bSyjByg6OcB/wqoJsLbeFWdQ==,
      }
    peerDependencies:
      "@tiptap/core": ^2.0.0
    dependencies:
      "@tiptap/core": 2.2.4(@tiptap/pm@2.2.4)
    dev: false

  /@tiptap/extension-strike@2.2.4(@tiptap/core@2.2.4):
    resolution:
      {
        integrity: sha512-/a2EwQgA+PpG17V2tVRspcrIY0SN3blwcgM7lxdW4aucGkqSKnf7+91dkhQEwCZ//o8kv9mBCyRoCUcGy6S5Xg==,
      }
    peerDependencies:
      "@tiptap/core": ^2.0.0
    dependencies:
      "@tiptap/core": 2.2.4(@tiptap/pm@2.2.4)
    dev: false

  /@tiptap/extension-text@2.2.4(@tiptap/core@2.2.4):
    resolution:
      {
        integrity: sha512-NlKHMPnRJXB+0AGtDlU0P2Pg+SdesA2lMMd7JzDUgJgL7pX2jOb8eUqSeOjFKuSzFSqYfH6C3o6mQiNhuQMv+g==,
      }
    peerDependencies:
      "@tiptap/core": ^2.0.0
    dependencies:
      "@tiptap/core": 2.2.4(@tiptap/pm@2.2.4)
    dev: false

  /@tiptap/pm@2.2.4:
    resolution:
      {
        integrity: sha512-Po0klR165zgtinhVp1nwMubjyKx6gAY9kH3IzcniYLCkqhPgiqnAcCr61TBpp4hfK8YURBS4ihvCB1dyfCyY8A==,
      }
    dependencies:
      prosemirror-changeset: 2.2.1
      prosemirror-collab: 1.3.1
      prosemirror-commands: 1.5.2
      prosemirror-dropcursor: 1.8.1
      prosemirror-gapcursor: 1.3.2
      prosemirror-history: 1.4.0
      prosemirror-inputrules: 1.4.0
      prosemirror-keymap: 1.2.2
      prosemirror-markdown: 1.12.0
      prosemirror-menu: 1.2.4
      prosemirror-model: 1.19.4
      prosemirror-schema-basic: 1.2.2
      prosemirror-schema-list: 1.3.0
      prosemirror-state: 1.4.3
      prosemirror-tables: 1.3.7
      prosemirror-trailing-node: 2.0.8(prosemirror-model@1.19.4)(prosemirror-state@1.4.3)(prosemirror-view@1.33.3)
      prosemirror-transform: 1.8.0
      prosemirror-view: 1.33.3
    dev: false

  /argparse@2.0.1:
    resolution:
      {
        integrity: sha512-8+9WqebbFzpX9OR+Wa6O29asIogeRMzcGtAINdpMHHyAg10f05aSFVBbcEqGf/PXw1EjAZ+q2/bEBg3DvurK3Q==,
      }
    dev: false

  /crelt@1.0.6:
    resolution:
      {
        integrity: sha512-VQ2MBenTq1fWZUH9DJNGti7kKv6EeAuYr3cLwxUWhIu1baTaXh4Ib5W2CqHVqib4/MqbYGJqiL3Zb8GJZr3l4g==,
      }
    dev: false

  /entities@4.5.0:
    resolution:
      {
        integrity: sha512-V0hjH4dGPh9Ao5p0MoRY6BVqtwCjhz6vI5LT8AJ55H+4g9/4vbHx1I54fS0XuclLhDHArPQCiMjDxjaL8fPxhw==,
      }
    engines: { node: ">=0.12" }
    dev: false

  /escape-string-regexp@4.0.0:
    resolution:
      {
        integrity: sha512-TtpcNJ3XAzx3Gq8sWRzJaVajRs0uVxA2YAkdb1jm2YkPz4G6egUFAyA3n5vtEIZefPk5Wa4UXbKuS5fKkJWdgA==,
      }
    engines: { node: ">=10" }
    dev: false

  /linkify-it@5.0.0:
    resolution:
      {
        integrity: sha512-5aHCbzQRADcdP+ATqnDuhhJ/MRIqDkZX5pyjFHRRysS8vZ5AbqGEoFIb6pYHPZ+L/OC2Lc+xT8uHVVR5CAK/wQ==,
      }
    dependencies:
      uc.micro: 2.1.0
    dev: false

  /markdown-it@14.1.0:
    resolution:
      {
        integrity: sha512-a54IwgWPaeBCAAsv13YgmALOF1elABB08FxO9i+r4VFk5Vl4pKokRPeX8u5TCgSsPi6ec1otfLjdOpVcgbpshg==,
      }
    hasBin: true
    dependencies:
      argparse: 2.0.1
      entities: 4.5.0
      linkify-it: 5.0.0
      mdurl: 2.0.0
      punycode.js: 2.3.1
      uc.micro: 2.1.0
    dev: false

  /mdurl@2.0.0:
    resolution:
      {
        integrity: sha512-Lf+9+2r+Tdp5wXDXC4PcIBjTDtq4UKjCPMQhKIuzpJNW0b96kVqSwW0bT7FhRSfmAiFYgP+SCRvdrDozfh0U5w==,
      }
    dev: false

  /orderedmap@2.1.1:
    resolution:
      {
        integrity: sha512-TvAWxi0nDe1j/rtMcWcIj94+Ffe6n7zhow33h40SKxmsmozs6dz/e+EajymfoFcHd7sxNn8yHM8839uixMOV6g==,
      }
    dev: false

  /prosemirror-changeset@2.2.1:
    resolution:
      {
        integrity: sha512-J7msc6wbxB4ekDFj+n9gTW/jav/p53kdlivvuppHsrZXCaQdVgRghoZbSS3kwrRyAstRVQ4/+u5k7YfLgkkQvQ==,
      }
    dependencies:
      prosemirror-transform: 1.8.0
    dev: false

  /prosemirror-collab@1.3.1:
    resolution:
      {
        integrity: sha512-4SnynYR9TTYaQVXd/ieUvsVV4PDMBzrq2xPUWutHivDuOshZXqQ5rGbZM84HEaXKbLdItse7weMGOUdDVcLKEQ==,
      }
    dependencies:
      prosemirror-state: 1.4.3
    dev: false

  /prosemirror-commands@1.5.2:
    resolution:
      {
        integrity: sha512-hgLcPaakxH8tu6YvVAaILV2tXYsW3rAdDR8WNkeKGcgeMVQg3/TMhPdVoh7iAmfgVjZGtcOSjKiQaoeKjzd2mQ==,
      }
    dependencies:
      prosemirror-model: 1.19.4
      prosemirror-state: 1.4.3
      prosemirror-transform: 1.8.0
    dev: false

  /prosemirror-dropcursor@1.8.1:
    resolution:
      {
        integrity: sha512-M30WJdJZLyXHi3N8vxN6Zh5O8ZBbQCz0gURTfPmTIBNQ5pxrdU7A58QkNqfa98YEjSAL1HUyyU34f6Pm5xBSGw==,
      }
    dependencies:
      prosemirror-state: 1.4.3
      prosemirror-transform: 1.8.0
      prosemirror-view: 1.33.3
    dev: false

  /prosemirror-gapcursor@1.3.2:
    resolution:
      {
        integrity: sha512-wtjswVBd2vaQRrnYZaBCbyDqr232Ed4p2QPtRIUK5FuqHYKGWkEwl08oQM4Tw7DOR0FsasARV5uJFvMZWxdNxQ==,
      }
    dependencies:
      prosemirror-keymap: 1.2.2
      prosemirror-model: 1.19.4
      prosemirror-state: 1.4.3
      prosemirror-view: 1.33.3
    dev: false

  /prosemirror-history@1.4.0:
    resolution:
      {
        integrity: sha512-UUiGzDVcqo1lovOPdi9YxxUps3oBFWAIYkXLu3Ot+JPv1qzVogRbcizxK3LhHmtaUxclohgiOVesRw5QSlMnbQ==,
      }
    dependencies:
      prosemirror-state: 1.4.3
      prosemirror-transform: 1.8.0
      prosemirror-view: 1.33.3
      rope-sequence: 1.3.4
    dev: false

  /prosemirror-inputrules@1.4.0:
    resolution:
      {
        integrity: sha512-6ygpPRuTJ2lcOXs9JkefieMst63wVJBgHZGl5QOytN7oSZs3Co/BYbc3Yx9zm9H37Bxw8kVzCnDsihsVsL4yEg==,
      }
    dependencies:
      prosemirror-state: 1.4.3
      prosemirror-transform: 1.8.0
    dev: false

  /prosemirror-keymap@1.2.2:
    resolution:
      {
        integrity: sha512-EAlXoksqC6Vbocqc0GtzCruZEzYgrn+iiGnNjsJsH4mrnIGex4qbLdWWNza3AW5W36ZRrlBID0eM6bdKH4OStQ==,
      }
    dependencies:
      prosemirror-state: 1.4.3
      w3c-keyname: 2.2.8
    dev: false

  /prosemirror-markdown@1.12.0:
    resolution:
      {
        integrity: sha512-6F5HS8Z0HDYiS2VQDZzfZP6A0s/I0gbkJy8NCzzDMtcsz3qrfqyroMMeoSjAmOhDITyon11NbXSzztfKi+frSQ==,
      }
    dependencies:
      markdown-it: 14.1.0
      prosemirror-model: 1.19.4
    dev: false

  /prosemirror-menu@1.2.4:
    resolution:
      {
        integrity: sha512-S/bXlc0ODQup6aiBbWVsX/eM+xJgCTAfMq/nLqaO5ID/am4wS0tTCIkzwytmao7ypEtjj39i7YbJjAgO20mIqA==,
      }
    dependencies:
      crelt: 1.0.6
      prosemirror-commands: 1.5.2
      prosemirror-history: 1.4.0
      prosemirror-state: 1.4.3
    dev: false

  /prosemirror-model@1.19.4:
    resolution:
      {
        integrity: sha512-RPmVXxUfOhyFdayHawjuZCxiROsm9L4FCUA6pWI+l7n2yCBsWy9VpdE1hpDHUS8Vad661YLY9AzqfjLhAKQ4iQ==,
      }
    dependencies:
      orderedmap: 2.1.1
    dev: false

  /prosemirror-schema-basic@1.2.2:
    resolution:
      {
        integrity: sha512-/dT4JFEGyO7QnNTe9UaKUhjDXbTNkiWTq/N4VpKaF79bBjSExVV2NXmJpcM7z/gD7mbqNjxbmWW5nf1iNSSGnw==,
      }
    dependencies:
      prosemirror-model: 1.19.4
    dev: false

  /prosemirror-schema-list@1.3.0:
    resolution:
      {
        integrity: sha512-Hz/7gM4skaaYfRPNgr421CU4GSwotmEwBVvJh5ltGiffUJwm7C8GfN/Bc6DR1EKEp5pDKhODmdXXyi9uIsZl5A==,
      }
    dependencies:
      prosemirror-model: 1.19.4
      prosemirror-state: 1.4.3
      prosemirror-transform: 1.8.0
    dev: false

  /prosemirror-state@1.4.3:
    resolution:
      {
        integrity: sha512-goFKORVbvPuAQaXhpbemJFRKJ2aixr+AZMGiquiqKxaucC6hlpHNZHWgz5R7dS4roHiwq9vDctE//CZ++o0W1Q==,
      }
    dependencies:
      prosemirror-model: 1.19.4
      prosemirror-transform: 1.8.0
      prosemirror-view: 1.33.3
    dev: false

  /prosemirror-tables@1.3.7:
    resolution:
      {
        integrity: sha512-oEwX1wrziuxMtwFvdDWSFHVUWrFJWt929kVVfHvtTi8yvw+5ppxjXZkMG/fuTdFo+3DXyIPSKfid+Be1npKXDA==,
      }
    dependencies:
      prosemirror-keymap: 1.2.2
      prosemirror-model: 1.19.4
      prosemirror-state: 1.4.3
      prosemirror-transform: 1.8.0
      prosemirror-view: 1.33.3
    dev: false

  /prosemirror-trailing-node@2.0.8(prosemirror-model@1.19.4)(prosemirror-state@1.4.3)(prosemirror-view@1.33.3):
    resolution:
      {
        integrity: sha512-ujRYhSuhQb1Jsarh1IHqb2KoSnRiD7wAMDGucP35DN7j5af6X7B18PfdPIrbwsPTqIAj0fyOvxbuPsWhNvylmA==,
      }
    peerDependencies:
      prosemirror-model: ^1.19.0
      prosemirror-state: ^1.4.2
      prosemirror-view: ^1.31.2
    dependencies:
      "@remirror/core-constants": 2.0.2
      escape-string-regexp: 4.0.0
      prosemirror-model: 1.19.4
      prosemirror-state: 1.4.3
      prosemirror-view: 1.33.3
    dev: false

  /prosemirror-transform@1.8.0:
    resolution:
      {
        integrity: sha512-BaSBsIMv52F1BVVMvOmp1yzD3u65uC3HTzCBQV1WDPqJRQ2LuHKcyfn0jwqodo8sR9vVzMzZyI+Dal5W9E6a9A==,
      }
    dependencies:
      prosemirror-model: 1.19.4
    dev: false

  /prosemirror-view@1.33.3:
    resolution:
      {
        integrity: sha512-P4Ao/bc4OrU/2yLIf8dL4lJaEtjLR3QjIvQHgJYp2jUS7kYM4bSR6okbBjkqzOs/FwUon6UGjTLdKMnPL1MZqw==,
      }
    dependencies:
      prosemirror-model: 1.19.4
      prosemirror-state: 1.4.3
      prosemirror-transform: 1.8.0
    dev: false

  /punycode.js@2.3.1:
    resolution:
      {
        integrity: sha512-uxFIHU0YlHYhDQtV4R9J6a52SLx28BCjT+4ieh7IGbgwVJWO+km431c4yRlREUAsAmt/uMjQUyQHNEPf0M39CA==,
      }
    engines: { node: ">=6" }
    dev: false

  /rope-sequence@1.3.4:
    resolution:
      {
        integrity: sha512-UT5EDe2cu2E/6O4igUr5PSFs23nvvukicWHx6GnOPlHAiiYbzNuCRQCuiUdHJQcqKalLKlrYJnjY0ySGsXNQXQ==,
      }
    dev: false

  /uc.micro@2.1.0:
    resolution:
      {
        integrity: sha512-ARDJmphmdvUk6Glw7y9DQ2bFkKBHwQHLi2lsaH6PPmz/Ka9sFOBsBluozhDltWmnv9u/cF6Rt87znRTPV+yp/A==,
      }
    dev: false

  /w3c-keyname@2.2.8:
    resolution:
      {
        integrity: sha512-dpojBhNsCNN7T82Tm7k26A6G9ML3NkhDsnw9n/eoxSRlVBB4CEtIQ/KTCLI2Fwf3ataSXRhYFkQi3SlnFwPvPQ==,
      }
    dev: false
